
Microsoft Visual Studio Solution File, Format Version 12.00
# Visual Studio Version 16
VisualStudioVersion = 16.0.30907.101
MinimumVisualStudioVersion = 10.0.40219.1
Project("{FAE04EC0-301F-11D3-BF4B-00C04F79EFBC}") = "ApiCatalogoJogos", "ApiCatalogoJogos\ApiCatalogoJogos.csproj", "{9EF98153-F27F-4C18-9AA7-D572609DD148}"
EndProject
Global
	GlobalSection(SolutionConfigurationPlatforms) = preSolution
		Debug|Any CPU = Debug|Any CPU
		Release|Any CPU = Release|Any CPU
	EndGlobalSection
	GlobalSection(ProjectConfigurationPlatforms) = postSolution
		{9EF98153-F27F-4C18-9AA7-D572609DD148}.Debug|Any CPU.ActiveCfg = Debug|Any CPU
		{9EF98153-F27F-4C18-9AA7-D572609DD148}.Debug|Any CPU.Build.0 = Debug|Any CPU
		{9EF98153-F27F-4C18-9AA7-D572609DD148}.Release|Any CPU.ActiveCfg = Release|Any CPU
		{9EF98153-F27F-4C18-9AA7-D572609DD148}.Release|Any CPU.Build.0 = Release|Any CPU
	EndGlobalSection
	GlobalSection(SolutionProperties) = preSolution
		HideSolutionNode = FALSE
	EndGlobalSection
	GlobalSection(ExtensibilityGlobals) = postSolution
		SolutionGuid = {1E2167CC-B509-4973-B740-85CE195A1959}
	EndGlobalSection
EndGlobal
